{
  "object": {
    "pins": [
      {
        "package": "AppAuth",
        "repositoryURL": "https://github.com/openid/AppAuth-iOS.git",
        "state": {
          "branch": null,
          "revision": "01131d68346c8ae552961c768d583c715fbe1410",
          "version": "1.4.0"
        }
      },
      {
        "package": "GoogleSignIn",
        "repositoryURL": "https://github.com/airgap-it/GoogleSignIn-iOS",
        "state": {
          "branch": "main",
          "revision": "15cf021e4d45d8af952d3af08ff6fe0fa1b23521",
          "version": null
        }
      },
      {
        "package": "GTMSessionFetcher",
        "repositoryURL": "https://github.com/google/gtm-session-fetcher.git",
        "state": {
          "branch": null,
          "revision": "424886f9336a71891aa81852d0c2c08d807d21aa",
          "version": "1.6.1"
        }
      },
      {
        "package": "GTMAppAuth",
        "repositoryURL": "https://github.com/google/GTMAppAuth.git",
        "state": {
          "branch": null,
          "revision": "40f4103fb52109032c05599a0c39ad43edbdf80a",
          "version": "1.2.2"
        }
      },
      {
        "package": "ShamirSecretShare",
        "repositoryURL": "https://github.com/kryptco/SecretShare.swift",
        "state": {
          "branch": null,
          "revision": "789a545b441abbb7c8c0800b66f8c9b96e6eec3b",
          "version": "1.0.0"
        }
      },
      {
        "package": "Sodium",
        "repositoryURL": "https://github.com/jedisct1/swift-sodium.git",
        "state": {
          "branch": null,
          "revision": "4f9164a0a2c9a6a7ff53a2833d54a5c79c957342",
          "version": "0.9.1"
        }
      }
    ]
  },
  "version": 1
}
